
Microsoft Visual Studio Solution File, Format Version 12.00
# Visual Studio Version 16
VisualStudioVersion = 16.0.32126.315
MinimumVisualStudioVersion = 10.0.40219.1
Project("{FAE04EC0-301F-11D3-BF4B-00C04F79EFBC}") = "old-phone-pad-coding-challenge", "old-phone-pad-coding-challenge\old-phone-pad-coding-challenge.csproj", "{BF91E685-C8FF-41DE-A590-F0AF6AE25E19}"
EndProject
Global
	GlobalSection(SolutionConfigurationPlatforms) = preSolution
		Debug|Any CPU = Debug|Any CPU
		Release|Any CPU = Release|Any CPU
	EndGlobalSection
	GlobalSection(ProjectConfigurationPlatforms) = postSolution
		{BF91E685-C8FF-41DE-A590-F0AF6AE25E19}.Debug|Any CPU.ActiveCfg = Debug|Any CPU
		{BF91E685-C8FF-41DE-A590-F0AF6AE25E19}.Debug|Any CPU.Build.0 = Debug|Any CPU
		{BF91E685-C8FF-41DE-A590-F0AF6AE25E19}.Release|Any CPU.ActiveCfg = Release|Any CPU
		{BF91E685-C8FF-41DE-A590-F0AF6AE25E19}.Release|Any CPU.Build.0 = Release|Any CPU
	EndGlobalSection
	GlobalSection(SolutionProperties) = preSolution
		HideSolutionNode = FALSE
	EndGlobalSection
	GlobalSection(ExtensibilityGlobals) = postSolution
		SolutionGuid = {2213DDE7-E383-4A39-A7D4-476277AA7A31}
	EndGlobalSection
EndGlobal
